
Microsoft Visual Studio Solution File, Format Version 12.00
# Visual Studio 15
Project("{FAE04EC0-301F-11D3-BF4B-00C04F79EFBC}") = "NavMeshComponents", "NavMeshComponents.csproj", "{9D9FA318-8A01-A7B9-5AD4-320A0EF58DA1}"
EndProject
Project("{FAE04EC0-301F-11D3-BF4B-00C04F79EFBC}") = "Assembly-CSharp", "Assembly-CSharp.csproj", "{E0C1017B-6FC2-19EA-65F7-2C0E42B678D1}"
EndProject
Project("{FAE04EC0-301F-11D3-BF4B-00C04F79EFBC}") = "NavMeshComponentsEditor", "NavMeshComponentsEditor.csproj", "{EB8F5200-167A-2451-56C3-71FE62BE722F}"
EndProject
Global
	GlobalSection(SolutionConfigurationPlatforms) = preSolution
		Debug|Any CPU = Debug|Any CPU
		Release|Any CPU = Release|Any CPU
	EndGlobalSection
	GlobalSection(ProjectConfigurationPlatforms) = postSolution
		{9D9FA318-8A01-A7B9-5AD4-320A0EF58DA1}.Debug|Any CPU.ActiveCfg = Debug|Any CPU
		{9D9FA318-8A01-A7B9-5AD4-320A0EF58DA1}.Debug|Any CPU.Build.0 = Debug|Any CPU
		{9D9FA318-8A01-A7B9-5AD4-320A0EF58DA1}.Release|Any CPU.ActiveCfg = Release|Any CPU
		{9D9FA318-8A01-A7B9-5AD4-320A0EF58DA1}.Release|Any CPU.Build.0 = Release|Any CPU
		{E0C1017B-6FC2-19EA-65F7-2C0E42B678D1}.Debug|Any CPU.ActiveCfg = Debug|Any CPU
		{E0C1017B-6FC2-19EA-65F7-2C0E42B678D1}.Debug|Any CPU.Build.0 = Debug|Any CPU
		{E0C1017B-6FC2-19EA-65F7-2C0E42B678D1}.Release|Any CPU.ActiveCfg = Release|Any CPU
		{E0C1017B-6FC2-19EA-65F7-2C0E42B678D1}.Release|Any CPU.Build.0 = Release|Any CPU
		{EB8F5200-167A-2451-56C3-71FE62BE722F}.Debug|Any CPU.ActiveCfg = Debug|Any CPU
		{EB8F5200-167A-2451-56C3-71FE62BE722F}.Debug|Any CPU.Build.0 = Debug|Any CPU
		{EB8F5200-167A-2451-56C3-71FE62BE722F}.Release|Any CPU.ActiveCfg = Release|Any CPU
		{EB8F5200-167A-2451-56C3-71FE62BE722F}.Release|Any CPU.Build.0 = Release|Any CPU
	EndGlobalSection
	GlobalSection(SolutionProperties) = preSolution
		HideSolutionNode = FALSE
	EndGlobalSection
EndGlobal
